
Microsoft Visual Studio Solution File, Format Version 12.00
# Visual Studio Version 16
VisualStudioVersion = 16.0.30907.101
MinimumVisualStudioVersion = 10.0.40219.1
Project("{8BC9CEB8-8B4A-11D0-8D11-00A0C91BC942}") = "三子棋", "三子棋.vcxproj", "{AC06EE04-EB6D-4A42-820F-E29A08CFBBEE}"
EndProject
Global
	GlobalSection(SolutionConfigurationPlatforms) = preSolution
		Debug|x64 = Debug|x64
		Debug|x86 = Debug|x86
		Release|x64 = Release|x64
		Release|x86 = Release|x86
	EndGlobalSection
	GlobalSection(ProjectConfigurationPlatforms) = postSolution
		{AC06EE04-EB6D-4A42-820F-E29A08CFBBEE}.Debug|x64.ActiveCfg = Debug|x64
		{AC06EE04-EB6D-4A42-820F-E29A08CFBBEE}.Debug|x64.Build.0 = Debug|x64
		{AC06EE04-EB6D-4A42-820F-E29A08CFBBEE}.Debug|x86.ActiveCfg = Debug|Win32
		{AC06EE04-EB6D-4A42-820F-E29A08CFBBEE}.Debug|x86.Build.0 = Debug|Win32
		{AC06EE04-EB6D-4A42-820F-E29A08CFBBEE}.Release|x64.ActiveCfg = Release|x64
		{AC06EE04-EB6D-4A42-820F-E29A08CFBBEE}.Release|x64.Build.0 = Release|x64
		{AC06EE04-EB6D-4A42-820F-E29A08CFBBEE}.Release|x86.ActiveCfg = Release|Win32
		{AC06EE04-EB6D-4A42-820F-E29A08CFBBEE}.Release|x86.Build.0 = Release|Win32
	EndGlobalSection
	GlobalSection(SolutionProperties) = preSolution
		HideSolutionNode = FALSE
	EndGlobalSection
	GlobalSection(ExtensibilityGlobals) = postSolution
		SolutionGuid = {9F5BFE0F-E1FF-4DA8-BA4C-AE28EFCDD5EE}
	EndGlobalSection
EndGlobal
